
Microsoft Visual Studio Solution File, Format Version 12.00
# Visual Studio Express 2012 for Web
Project("{FAE04EC0-301F-11D3-BF4B-00C04F79EFBC}") = "CopperLicht", "CopperLicht\CopperLicht.csproj", "{DE3F32BB-1E48-4685-BD1A-A5E201B5BACC}"
EndProject
Project("{FAE04EC0-301F-11D3-BF4B-00C04F79EFBC}") = "Tutorial2", "Tutorial2\Tutorial2.csproj", "{9DCA767C-A60B-4C5B-A34F-7F5DDB1006E7}"
EndProject
Project("{FAE04EC0-301F-11D3-BF4B-00C04F79EFBC}") = "Tutorial3", "Tutorial3\Tutorial3.csproj", "{7AE95563-6A16-4897-B0EA-0D580B8B8A93}"
EndProject
Global
	GlobalSection(SolutionConfigurationPlatforms) = preSolution
		Debug|Any CPU = Debug|Any CPU
		Release|Any CPU = Release|Any CPU
	EndGlobalSection
	GlobalSection(ProjectConfigurationPlatforms) = postSolution
		{DE3F32BB-1E48-4685-BD1A-A5E201B5BACC}.Debug|Any CPU.ActiveCfg = Debug|Any CPU
		{DE3F32BB-1E48-4685-BD1A-A5E201B5BACC}.Debug|Any CPU.Build.0 = Debug|Any CPU
		{DE3F32BB-1E48-4685-BD1A-A5E201B5BACC}.Release|Any CPU.ActiveCfg = Release|Any CPU
		{DE3F32BB-1E48-4685-BD1A-A5E201B5BACC}.Release|Any CPU.Build.0 = Release|Any CPU
		{9DCA767C-A60B-4C5B-A34F-7F5DDB1006E7}.Debug|Any CPU.ActiveCfg = Debug|Any CPU
		{9DCA767C-A60B-4C5B-A34F-7F5DDB1006E7}.Debug|Any CPU.Build.0 = Debug|Any CPU
		{9DCA767C-A60B-4C5B-A34F-7F5DDB1006E7}.Release|Any CPU.ActiveCfg = Release|Any CPU
		{9DCA767C-A60B-4C5B-A34F-7F5DDB1006E7}.Release|Any CPU.Build.0 = Release|Any CPU
		{7AE95563-6A16-4897-B0EA-0D580B8B8A93}.Debug|Any CPU.ActiveCfg = Debug|Any CPU
		{7AE95563-6A16-4897-B0EA-0D580B8B8A93}.Debug|Any CPU.Build.0 = Debug|Any CPU
		{7AE95563-6A16-4897-B0EA-0D580B8B8A93}.Release|Any CPU.ActiveCfg = Release|Any CPU
		{7AE95563-6A16-4897-B0EA-0D580B8B8A93}.Release|Any CPU.Build.0 = Release|Any CPU
	EndGlobalSection
	GlobalSection(SolutionProperties) = preSolution
		HideSolutionNode = FALSE
	EndGlobalSection
EndGlobal
